// !$*UTF8*$!
{
	archiveVersion = 1;
	classes = {
	};
	objectVersion = 46;
	objects = {

/* Begin PBXBuildFile section */
		C52BB7351DD2F86A00E34B92 /* main.m in Sources */ = {isa = PBXBuildFile; fileRef = C52BB7341DD2F86A00E34B92 /* main.m */; };
		C52BB7381DD2F86A00E34B92 /* AppDelegate.m in Sources */ = {isa = PBXBuildFile; fileRef = C52BB7371DD2F86A00E34B92 /* AppDelegate.m */; };
		C52BB73B1DD2F86A00E34B92 /* ViewController.m in Sources */ = {isa = PBXBuildFile; fileRef = C52BB73A1DD2F86A00E34B92 /* ViewController.m */; };
		C52BB73E1DD2F86A00E34B92 /* Main.storyboard in Resources */ = {isa = PBXBuildFile; fileRef = C52BB73C1DD2F86A00E34B92 /* Main.storyboard */; };
		C52BB7401DD2F86A00E34B92 /* Assets.xcassets in Resources */ = {isa = PBXBuildFile; fileRef = C52BB73F1DD2F86A00E34B92 /* Assets.xcassets */; };
		C52BB7431DD2F86A00E34B92 /* LaunchScreen.storyboard in Resources */ = {isa = PBXBuildFile; fileRef = C52BB7411DD2F86A00E34B92 /* LaunchScreen.storyboard */; };
		C52BB74E1DD2F86A00E34B92 /* FUBaseProjectTests.m in Sources */ = {isa = PBXBuildFile; fileRef = C52BB74D1DD2F86A00E34B92 /* FUBaseProjectTests.m */; };
		C52BB7591DD2F86A00E34B92 /* FUBaseProjectUITests.m in Sources */ = {isa = PBXBuildFile; fileRef = C52BB7581DD2F86A00E34B92 /* FUBaseProjectUITests.m */; };
/* End PBXBuildFile section */

/* Begin PBXContainerItemProxy section */
		C52BB74A1DD2F86A00E34B92 /* PBXContainerItemProxy */ = {
			isa = PBXContainerItemProxy;
			containerPortal = C52BB7281DD2F86A00E34B92 /* Project object */;
			proxyType = 1;
			remoteGlobalIDString = C52BB72F1DD2F86A00E34B92;
			remoteInfo = FUBaseProject;
		};
		C52BB7551DD2F86A00E34B92 /* PBXContainerItemProxy */ = {
			isa = PBXContainerItemProxy;
			containerPortal = C52BB7281DD2F86A00E34B92 /* Project object */;
			proxyType = 1;
			remoteGlobalIDString = C52BB72F1DD2F86A00E34B92;
			remoteInfo = FUBaseProject;
		};
/* End PBXContainerItemProxy section */

/* Begin PBXFileReference section */
		C52BB7301DD2F86A00E34B92 /* FUBaseProject.app */ = {isa = PBXFileReference; explicitFileType = wrapper.application; includeInIndex = 0; path = FUBaseProject.app; sourceTree = BUILT_PRODUCTS_DIR; };
		C52BB7341DD2F86A00E34B92 /* main.m */ = {isa = PBXFileReference; lastKnownFileType = sourcecode.c.objc; path = main.m; sourceTree = "<group>"; };
		C52BB7361DD2F86A00E34B92 /* AppDelegate.h */ = {isa = PBXFileReference; lastKnownFileType = sourcecode.c.h; path = AppDelegate.h; sourceTree = "<group>"; };
		C52BB7371DD2F86A00E34B92 /* AppDelegate.m */ = {isa = PBXFileReference; lastKnownFileType = sourcecode.c.objc; path = AppDelegate.m; sourceTree = "<group>"; };
		C52BB7391DD2F86A00E34B92 /* ViewController.h */ = {isa = PBXFileReference; lastKnownFileType = sourcecode.c.h; path = ViewController.h; sourceTree = "<group>"; };
		C52BB73A1DD2F86A00E34B92 /* ViewController.m */ = {isa = PBXFileReference; lastKnownFileType = sourcecode.c.objc; path = ViewController.m; sourceTree = "<group>"; };
		C52BB73D1DD2F86A00E34B92 /* Base */ = {isa = PBXFileReference; lastKnownFileType = file.storyboard; name = Base; path = Base.lproj/Main.storyboard; sourceTree = "<group>"; };
		C52BB73F1DD2F86A00E34B92 /* Assets.xcassets */ = {isa = PBXFileReference; lastKnownFileType = folder.assetcatalog; path = Assets.xcassets; sourceTree = "<group>"; };
		C52BB7421DD2F86A00E34B92 /* Base */ = {isa = PBXFileReference; lastKnownFileType = file.storyboard; name = Base; path = Base.lproj/LaunchScreen.storyboard; sourceTree = "<group>"; };
		C52BB7441DD2F86A00E34B92 /* Info.plist */ = {isa = PBXFileReference; lastKnownFileType = text.plist.xml; path = Info.plist; sourceTree = "<group>"; };
		C52BB7491DD2F86A00E34B92 /* FUBaseProjectTests.xctest */ = {isa = PBXFileReference; explicitFileType = wrapper.cfbundle; includeInIndex = 0; path = FUBaseProjectTests.xctest; sourceTree = BUILT_PRODUCTS_DIR; };
		C52BB74D1DD2F86A00E34B92 /* FUBaseProjectTests.m */ = {isa = PBXFileReference; lastKnownFileType = sourcecode.c.objc; path = FUBaseProjectTests.m; sourceTree = "<group>"; };
		C52BB74F1DD2F86A00E34B92 /* Info.plist */ = {isa = PBXFileReference; lastKnownFileType = text.plist.xml; path = Info.plist; sourceTree = "<group>"; };
		C52BB7541DD2F86A00E34B92 /* FUBaseProjectUITests.xctest */ = {isa = PBXFileReference; explicitFileType = wrapper.cfbundle; includeInIndex = 0; path = FUBaseProjectUITests.xctest; sourceTree = BUILT_PRODUCTS_DIR; };
		C52BB7581DD2F86A00E34B92 /* FUBaseProjectUITests.m */ = {isa = PBXFileReference; lastKnownFileType = sourcecode.c.objc; path = FUBaseProjectUITests.m; sourceTree = "<group>"; };
		C52BB75A1DD2F86B00E34B92 /* Info.plist */ = {isa = PBXFileReference; lastKnownFileType = text.plist.xml; path = Info.plist; sourceTree = "<group>"; };
/* End PBXFileReference section */

/* Begin PBXFrameworksBuildPhase section */
		C52BB72D1DD2F86A00E34B92 /* Frameworks */ = {
			isa = PBXFrameworksBuildPhase;
			buildActionMask = 2147483647;
			files = (
			);
			runOnlyForDeploymentPostprocessing = 0;
		};
		C52BB7461DD2F86A00E34B92 /* Frameworks */ = {
			isa = PBXFrameworksBuildPhase;
			buildActionMask = 2147483647;
			files = (
			);
			runOnlyForDeploymentPostprocessing = 0;
		};
		C52BB7511DD2F86A00E34B92 /* Frameworks */ = {
			isa = PBXFrameworksBuildPhase;
			buildActionMask = 2147483647;
			files = (
			);
			runOnlyForDeploymentPostprocessing = 0;
		};
/* End PBXFrameworksBuildPhase section */

/* Begin PBXGroup section */
		C52BB7271DD2F86A00E34B92 = {
			isa = PBXGroup;
			children = (
				C52BB7321DD2F86A00E34B92 /* FUBaseProject */,
				C52BB74C1DD2F86A00E34B92 /* FUBaseProjectTests */,
				C52BB7571DD2F86A00E34B92 /* FUBaseProjectUITests */,
				C52BB7311DD2F86A00E34B92 /* Products */,
			);
			sourceTree = "<group>";
		};
		C52BB7311DD2F86A00E34B92 /* Products */ = {
			isa = PBXGroup;
			children = (
				C52BB7301DD2F86A00E34B92 /* FUBaseProject.app */,
				C52BB7491DD2F86A00E34B92 /* FUBaseProjectTests.xctest */,
				C52BB7541DD2F86A00E34B92 /* FUBaseProjectUITests.xctest */,
			);
			name = Products;
			sourceTree = "<group>";
		};
		C52BB7321DD2F86A00E34B92 /* FUBaseProject */ = {
			isa = PBXGroup;
			children = (
				C52BB7361DD2F86A00E34B92 /* AppDelegate.h */,
				C52BB7371DD2F86A00E34B92 /* AppDelegate.m */,
				C52BB7391DD2F86A00E34B92 /* ViewController.h */,
				C52BB73A1DD2F86A00E34B92 /* ViewController.m */,
				C52BB73C1DD2F86A00E34B92 /* Main.storyboard */,
				C52BB73F1DD2F86A00E34B92 /* Assets.xcassets */,
				C52BB7411DD2F86A00E34B92 /* LaunchScreen.storyboard */,
				C52BB7441DD2F86A00E34B92 /* Info.plist */,
				C52BB7331DD2F86A00E34B92 /* Supporting Files */,
			);
			path = FUBaseProject;
			sourceTree = "<group>";
		};
		C52BB7331DD2F86A00E34B92 /* Supporting Files */ = {
			isa = PBXGroup;
			children = (
				C52BB7341DD2F86A00E34B92 /* main.m */,
			);
			name = "Supporting Files";
			sourceTree = "<group>";
		};
		C52BB74C1DD2F86A00E34B92 /* FUBaseProjectTests */ = {
			isa = PBXGroup;
			children = (
				C52BB74D1DD2F86A00E34B92 /* FUBaseProjectTests.m */,
				C52BB74F1DD2F86A00E34B92 /* Info.plist */,
			);
			path = FUBaseProjectTests;
			sourceTree = "<group>";
		};
		C52BB7571DD2F86A00E34B92 /* FUBaseProjectUITests */ = {
			isa = PBXGroup;
			children = (
				C52BB7581DD2F86A00E34B92 /* FUBaseProjectUITests.m */,
				C52BB75A1DD2F86B00E34B92 /* Info.plist */,
			);
			path = FUBaseProjectUITests;
			sourceTree = "<group>";
		};
/* End PBXGroup section */

/* Begin PBXNativeTarget section */
		C52BB72F1DD2F86A00E34B92 /* FUBaseProject */ = {
			isa = PBXNativeTarget;
			buildConfigurationList = C52BB75D1DD2F86B00E34B92 /* Build configuration list for PBXNativeTarget "FUBaseProject" */;
			buildPhases = (
				C52BB72C1DD2F86A00E34B92 /* Sources */,
				C52BB72D1DD2F86A00E34B92 /* Frameworks */,
				C52BB72E1DD2F86A00E34B92 /* Resources */,
			);
			buildRules = (
			);
			dependencies = (
			);
			name = FUBaseProject;
			productName = FUBaseProject;
			productReference = C52BB7301DD2F86A00E34B92 /* FUBaseProject.app */;
			productType = "com.apple.product-type.application";
		};
		C52BB7481DD2F86A00E34B92 /* FUBaseProjectTests */ = {
			isa = PBXNativeTarget;
			buildConfigurationList = C52BB7601DD2F86B00E34B92 /* Build configuration list for PBXNativeTarget "FUBaseProjectTests" */;
			buildPhases = (
				C52BB7451DD2F86A00E34B92 /* Sources */,
				C52BB7461DD2F86A00E34B92 /* Frameworks */,
				C52BB7471DD2F86A00E34B92 /* Resources */,
			);
			buildRules = (
			);
			dependencies = (
				C52BB74B1DD2F86A00E34B92 /* PBXTargetDependency */,
			);
			name = FUBaseProjectTests;
			productName = FUBaseProjectTests;
			productReference = C52BB7491DD2F86A00E34B92 /* FUBaseProjectTests.xctest */;
			productType = "com.apple.product-type.bundle.unit-test";
		};
		C52BB7531DD2F86A00E34B92 /* FUBaseProjectUITests */ = {
			isa = PBXNativeTarget;
			buildConfigurationList = C52BB7631DD2F86B00E34B92 /* Build configuration list for PBXNativeTarget "FUBaseProjectUITests" */;
			buildPhases = (
				C52BB7501DD2F86A00E34B92 /* Sources */,
				C52BB7511DD2F86A00E34B92 /* Frameworks */,
				C52BB7521DD2F86A00E34B92 /* Resources */,
			);
			buildRules = (
			);
			dependencies = (
				C52BB7561DD2F86A00E34B92 /* PBXTargetDependency */,
			);
			name = FUBaseProjectUITests;
			productName = FUBaseProjectUITests;
			productReference = C52BB7541DD2F86A00E34B92 /* FUBaseProjectUITests.xctest */;
			productType = "com.apple.product-type.bundle.ui-testing";
		};
/* End PBXNativeTarget section */

/* Begin PBXProject section */
		C52BB7281DD2F86A00E34B92 /* Project object */ = {
			isa = PBXProject;
			attributes = {
				LastUpgradeCheck = 0820;
				ORGANIZATIONNAME = FU;
				TargetAttributes = {
					C52BB72F1DD2F86A00E34B92 = {
						CreatedOnToolsVersion = 8.0;
						DevelopmentTeam = BC4VZEXR8E;
						ProvisioningStyle = Automatic;
					};
					C52BB7481DD2F86A00E34B92 = {
						CreatedOnToolsVersion = 8.0;
						DevelopmentTeam = 9C5WM22Y85;
						ProvisioningStyle = Automatic;
						TestTargetID = C52BB72F1DD2F86A00E34B92;
					};
					C52BB7531DD2F86A00E34B92 = {
						CreatedOnToolsVersion = 8.0;
						DevelopmentTeam = 9C5WM22Y85;
						ProvisioningStyle = Automatic;
						TestTargetID = C52BB72F1DD2F86A00E34B92;
					};
				};
			};
			buildConfigurationList = C52BB72B1DD2F86A00E34B92 /* Build configuration list for PBXProject "FUBaseProject" */;
			compatibilityVersion = "Xcode 3.2";
			developmentRegion = English;
			hasScannedForEncodings = 0;
			knownRegions = (
				en,
				Base,
			);
			mainGroup = C52BB7271DD2F86A00E34B92;
			productRefGroup = C52BB7311DD2F86A00E34B92 /* Products */;
			projectDirPath = "";
			projectRoot = "";
			targets = (
				C52BB72F1DD2F86A00E34B92 /* FUBaseProject */,
				C52BB7481DD2F86A00E34B92 /* FUBaseProjectTests */,
				C52BB7531DD2F86A00E34B92 /* FUBaseProjectUITests */,
			);
		};
/* End PBXProject section */

/* Begin PBXResourcesBuildPhase section */
		C52BB72E1DD2F86A00E34B92 /* Resources */ = {
			isa = PBXResourcesBuildPhase;
			buildActionMask = 2147483647;
			files = (
				C52BB7431DD2F86A00E34B92 /* LaunchScreen.storyboard in Resources */,
				C52BB7401DD2F86A00E34B92 /* Assets.xcassets in Resources */,
				C52BB73E1DD2F86A00E34B92 /* Main.storyboard in Resources */,
			);
			runOnlyForDeploymentPostprocessing = 0;
		};
		C52BB7471DD2F86A00E34B92 /* Resources */ = {
			isa = PBXResourcesBuildPhase;
			buildActionMask = 2147483647;
			files = (
			);
			runOnlyForDeploymentPostprocessing = 0;
		};
		C52BB7521DD2F86A00E34B92 /* Resources */ = {
			isa = PBXResourcesBuildPhase;
			buildActionMask = 2147483647;
			files = (
			);
			runOnlyForDeploymentPostprocessing = 0;
		};
/* End PBXResourcesBuildPhase section */

/* Begin PBXSourcesBuildPhase section */
		C52BB72C1DD2F86A00E34B92 /* Sources */ = {
			isa = PBXSourcesBuildPhase;
			buildActionMask = 2147483647;
			files = (
				C52BB73B1DD2F86A00E34B92 /* ViewController.m in Sources */,
				C52BB7381DD2F86A00E34B92 /* AppDelegate.m in Sources */,
				C52BB7351DD2F86A00E34B92 /* main.m in Sources */,
			);
			runOnlyForDeploymentPostprocessing = 0;
		};
		C52BB7451DD2F86A00E34B92 /* Sources */ = {
			isa = PBXSourcesBuildPhase;
			buildActionMask = 2147483647;
			files = (
				C52BB74E1DD2F86A00E34B92 /* FUBaseProjectTests.m in Sources */,
			);
			runOnlyForDeploymentPostprocessing = 0;
		};
		C52BB7501DD2F86A00E34B92 /* Sources */ = {
			isa = PBXSourcesBuildPhase;
			buildActionMask = 2147483647;
			files = (
				C52BB7591DD2F86A00E34B92 /* FUBaseProjectUITests.m in Sources */,
			);
			runOnlyForDeploymentPostprocessing = 0;
		};
/* End PBXSourcesBuildPhase section */

/* Begin PBXTargetDependency section */
		C52BB74B1DD2F86A00E34B92 /* PBXTargetDependency */ = {
			isa = PBXTargetDependency;
			target = C52BB72F1DD2F86A00E34B92 /* FUBaseProject */;
			targetProxy = C52BB74A1DD2F86A00E34B92 /* PBXContainerItemProxy */;
		};
		C52BB7561DD2F86A00E34B92 /* PBXTargetDependency */ = {
			isa = PBXTargetDependency;
			target = C52BB72F1DD2F86A00E34B92 /* FUBaseProject */;
			targetProxy = C52BB7551DD2F86A00E34B92 /* PBXContainerItemProxy */;
		};
/* End PBXTargetDependency section */

/* Begin PBXVariantGroup section */
		C52BB73C1DD2F86A00E34B92 /* Main.storyboard */ = {
			isa = PBXVariantGroup;
			children = (
				C52BB73D1DD2F86A00E34B92 /* Base */,
			);
			name = Main.storyboard;
			sourceTree = "<group>";
		};
		C52BB7411DD2F86A00E34B92 /* LaunchScreen.storyboard */ = {
			isa = PBXVariantGroup;
			children = (
				C52BB7421DD2F86A00E34B92 /* Base */,
			);
			name = LaunchScreen.storyboard;
			sourceTree = "<group>";
		};
/* End PBXVariantGroup section */

/* Begin XCBuildConfiguration section */
		C52BB75B1DD2F86B00E34B92 /* Debug */ = {
			isa = XCBuildConfiguration;
			buildSettings = {
				ALWAYS_SEARCH_USER_PATHS = NO;
				CLANG_ANALYZER_NONNULL = YES;
				CLANG_CXX_LANGUAGE_STANDARD = "gnu++0x";
				CLANG_CXX_LIBRARY = "libc++";
				CLANG_ENABLE_MODULES = YES;
				CLANG_ENABLE_OBJC_ARC = YES;
				CLANG_WARN_BOOL_CONVERSION = YES;
				CLANG_WARN_CONSTANT_CONVERSION = YES;
				CLANG_WARN_DIRECT_OBJC_ISA_USAGE = YES_ERROR;
				CLANG_WARN_DOCUMENTATION_COMMENTS = YES;
				CLANG_WARN_EMPTY_BODY = YES;
				CLANG_WARN_ENUM_CONVERSION = YES;
				CLANG_WARN_INFINITE_RECURSION = YES;
				CLANG_WARN_INT_CONVERSION = YES;
				CLANG_WARN_OBJC_ROOT_CLASS = YES_ERROR;
				CLANG_WARN_SUSPICIOUS_MOVE = YES;
				CLANG_WARN_SUSPICIOUS_MOVES = YES;
				CLANG_WARN_UNREACHABLE_CODE = YES;
				CLANG_WARN__DUPLICATE_METHOD_MATCH = YES;
				"CODE_SIGN_IDENTITY[sdk=iphoneos*]" = "iPhone Developer";
				COPY_PHASE_STRIP = NO;
				DEBUG_INFORMATION_FORMAT = dwarf;
				ENABLE_STRICT_OBJC_MSGSEND = YES;
				ENABLE_TESTABILITY = YES;
				GCC_C_LANGUAGE_STANDARD = gnu99;
				GCC_DYNAMIC_NO_PIC = NO;
				GCC_NO_COMMON_BLOCKS = YES;
				GCC_OPTIMIZATION_LEVEL = 0;
				GCC_PREPROCESSOR_DEFINITIONS = (
					"DEBUG=1",
					"$(inherited)",
				);
				GCC_WARN_64_TO_32_BIT_CONVERSION = YES;
				GCC_WARN_ABOUT_RETURN_TYPE = YES_ERROR;
				GCC_WARN_UNDECLARED_SELECTOR = YES;
				GCC_WARN_UNINITIALIZED_AUTOS = YES_AGGRESSIVE;
				GCC_WARN_UNUSED_FUNCTION = YES;
				GCC_WARN_UNUSED_VARIABLE = YES;
				IPHONEOS_DEPLOYMENT_TARGET = 8.0;
				MTL_ENABLE_DEBUG_INFO = YES;
				ONLY_ACTIVE_ARCH = YES;
				SDKROOT = iphoneos;
			};
			name = Debug;
		};
		C52BB75C1DD2F86B00E34B92 /* Release */ = {
			isa = XCBuildConfiguration;
			buildSettings = {
				ALWAYS_SEARCH_USER_PATHS = NO;
				CLANG_ANALYZER_NONNULL = YES;
				CLANG_CXX_LANGUAGE_STANDARD = "gnu++0x";
				CLANG_CXX_LIBRARY = "libc++";
				CLANG_ENABLE_MODULES = YES;
				CLANG_ENABLE_OBJC_ARC = YES;
				CLANG_WARN_BOOL_CONVERSION = YES;
				CLANG_WARN_CONSTANT_CONVERSION = YES;
				CLANG_WARN_DIRECT_OBJC_ISA_USAGE = YES_ERROR;
				CLANG_WARN_DOCUMENTATION_COMMENTS = YES;
				CLANG_WARN_EMPTY_BODY = YES;
				CLANG_WARN_ENUM_CONVERSION = YES;
				CLANG_WARN_INFINITE_RECURSION = YES;
				CLANG_WARN_INT_CONVERSION = YES;
				CLANG_WARN_OBJC_ROOT_CLASS = YES_ERROR;
				CLANG_WARN_SUSPICIOUS_MOVE = YES;
				CLANG_WARN_SUSPICIOUS_MOVES = YES;
				CLANG_WARN_UNREACHABLE_CODE = YES;
				CLANG_WARN__DUPLICATE_METHOD_MATCH = YES;
				"CODE_SIGN_IDENTITY[sdk=iphoneos*]" = "iPhone Developer";
				COPY_PHASE_STRIP = NO;
				DEBUG_INFORMATION_FORMAT = "dwarf-with-dsym";
				ENABLE_NS_ASSERTIONS = NO;
				ENABLE_STRICT_OBJC_MSGSEND = YES;
				GCC_C_LANGUAGE_STANDARD = gnu99;
				GCC_NO_COMMON_BLOCKS = YES;
				GCC_WARN_64_TO_32_BIT_CONVERSION = YES;
				GCC_WARN_ABOUT_RETURN_TYPE = YES_ERROR;
				GCC_WARN_UNDECLARED_SELECTOR = YES;
				GCC_WARN_UNINITIALIZED_AUTOS = YES_AGGRESSIVE;
				GCC_WARN_UNUSED_FUNCTION = YES;
				GCC_WARN_UNUSED_VARIABLE = YES;
				IPHONEOS_DEPLOYMENT_TARGET = 8.0;
				MTL_ENABLE_DEBUG_INFO = NO;
				SDKROOT = iphoneos;
				VALIDATE_PRODUCT = YES;
			};
			name = Release;
		};
		C52BB75E1DD2F86B00E34B92 /* Debug */ = {
			isa = XCBuildConfiguration;
			buildSettings = {
				ASSETCATALOG_COMPILER_APPICON_NAME = AppIcon;
				DEVELOPMENT_TEAM = BC4VZEXR8E;
				INFOPLIST_FILE = FUBaseProject/Info.plist;
				IPHONEOS_DEPLOYMENT_TARGET = 8.0;
				LD_RUNPATH_SEARCH_PATHS = "$(inherited) @executable_path/Frameworks";
				PRODUCT_BUNDLE_IDENTIFIER = com.kakaliu.3c.FUBaseProject;
				PRODUCT_NAME = "$(TARGET_NAME)";
			};
			name = Debug;
		};
		C52BB75F1DD2F86B00E34B92 /* Release */ = {
			isa = XCBuildConfiguration;
			buildSettings = {
				ASSETCATALOG_COMPILER_APPICON_NAME = AppIcon;
				DEVELOPMENT_TEAM = BC4VZEXR8E;
				INFOPLIST_FILE = FUBaseProject/Info.plist;
				IPHONEOS_DEPLOYMENT_TARGET = 8.0;
				LD_RUNPATH_SEARCH_PATHS = "$(inherited) @executable_path/Frameworks";
				PRODUCT_BUNDLE_IDENTIFIER = com.kakaliu.3c.FUBaseProject;
				PRODUCT_NAME = "$(TARGET_NAME)";
			};
			name = Release;
		};
		C52BB7611DD2F86B00E34B92 /* Debug */ = {
			isa = XCBuildConfiguration;
			buildSettings = {
				BUNDLE_LOADER = "$(TEST_HOST)";
				DEVELOPMENT_TEAM = 9C5WM22Y85;
				INFOPLIST_FILE = FUBaseProjectTests/Info.plist;
				LD_RUNPATH_SEARCH_PATHS = "$(inherited) @executable_path/Frameworks @loader_path/Frameworks";
				PRODUCT_BUNDLE_IDENTIFIER = com.kakaliu.3c.FUBaseProjectTests;
				PRODUCT_NAME = "$(TARGET_NAME)";
				TEST_HOST = "$(BUILT_PRODUCTS_DIR)/FUBaseProject.app/FUBaseProject";
			};
			name = Debug;
		};
		C52BB7621DD2F86B00E34B92 /* Release */ = {
			isa = XCBuildConfiguration;
			buildSettings = {
				BUNDLE_LOADER = "$(TEST_HOST)";
				DEVELOPMENT_TEAM = 9C5WM22Y85;
				INFOPLIST_FILE = FUBaseProjectTests/Info.plist;
				LD_RUNPATH_SEARCH_PATHS = "$(inherited) @executable_path/Frameworks @loader_path/Frameworks";
				PRODUCT_BUNDLE_IDENTIFIER = com.kakaliu.3c.FUBaseProjectTests;
				PRODUCT_NAME = "$(TARGET_NAME)";
				TEST_HOST = "$(BUILT_PRODUCTS_DIR)/FUBaseProject.app/FUBaseProject";
			};
			name = Release;
		};
		C52BB7641DD2F86B00E34B92 /* Debug */ = {
			isa = XCBuildConfiguration;
			buildSettings = {
				DEVELOPMENT_TEAM = 9C5WM22Y85;
				INFOPLIST_FILE = FUBaseProjectUITests/Info.plist;
				LD_RUNPATH_SEARCH_PATHS = "$(inherited) @executable_path/Frameworks @loader_path/Frameworks";
				PRODUCT_BUNDLE_IDENTIFIER = com.kakaliu.3c.FUBaseProjectUITests;
				PRODUCT_NAME = "$(TARGET_NAME)";
				TEST_TARGET_NAME = FUBaseProject;
			};
			name = Debug;
		};
		C52BB7651DD2F86B00E34B92 /* Release */ = {
			isa = XCBuildConfiguration;
			buildSettings = {
				DEVELOPMENT_TEAM = 9C5WM22Y85;
				INFOPLIST_FILE = FUBaseProjectUITests/Info.plist;
				LD_RUNPATH_SEARCH_PATHS = "$(inherited) @executable_path/Frameworks @loader_path/Frameworks";
				PRODUCT_BUNDLE_IDENTIFIER = com.kakaliu.3c.FUBaseProjectUITests;
				PRODUCT_NAME = "$(TARGET_NAME)";
				TEST_TARGET_NAME = FUBaseProject;
			};
			name = Release;
		};
/* End XCBuildConfiguration section */

/* Begin XCConfigurationList section */
		C52BB72B1DD2F86A00E34B92 /* Build configuration list for PBXProject "FUBaseProject" */ = {
			isa = XCConfigurationList;
			buildConfigurations = (
				C52BB75B1DD2F86B00E34B92 /* Debug */,
				C52BB75C1DD2F86B00E34B92 /* Release */,
			);
			defaultConfigurationIsVisible = 0;
			defaultConfigurationName = Release;
		};
		C52BB75D1DD2F86B00E34B92 /* Build configuration list for PBXNativeTarget "FUBaseProject" */ = {
			isa = XCConfigurationList;
			buildConfigurations = (
				C52BB75E1DD2F86B00E34B92 /* Debug */,
				C52BB75F1DD2F86B00E34B92 /* Release */,
			);
			defaultConfigurationIsVisible = 0;
			defaultConfigurationName = Release;
		};
		C52BB7601DD2F86B00E34B92 /* Build configuration list for PBXNativeTarget "FUBaseProjectTests" */ = {
			isa = XCConfigurationList;
			buildConfigurations = (
				C52BB7611DD2F86B00E34B92 /* Debug */,
				C52BB7621DD2F86B00E34B92 /* Release */,
			);
			defaultConfigurationIsVisible = 0;
			defaultConfigurationName = Release;
		};
		C52BB7631DD2F86B00E34B92 /* Build configuration list for PBXNativeTarget "FUBaseProjectUITests" */ = {
			isa = XCConfigurationList;
			buildConfigurations = (
				C52BB7641DD2F86B00E34B92 /* Debug */,
				C52BB7651DD2F86B00E34B92 /* Release */,
			);
			defaultConfigurationIsVisible = 0;
			defaultConfigurationName = Release;
		};
/* End XCConfigurationList section */
	};
	rootObject = C52BB7281DD2F86A00E34B92 /* Project object */;
}
